// !$*UTF8*$!
{
	archiveVersion = 1;
	classes = {
	};
	objectVersion = 56;
	objects = {

/* Begin PBXBuildFile section */
		04166C772BBEE4080001F5B0 /* MediaCell.swift in Sources */ = {isa = PBXBuildFile; fileRef = 04166C762BBEE4080001F5B0 /* MediaCell.swift */; };
		04166C792BBEE74F0001F5B0 /* PhotoCollectionViewCell.swift in Sources */ = {isa = PBXBuildFile; fileRef = 04166C782BBEE74F0001F5B0 /* PhotoCollectionViewCell.swift */; };
		04166C7C2BBF0BF80001F5B0 /* YouTubeiOSPlayerHelper in Frameworks */ = {isa = PBXBuildFile; productRef = 04166C7B2BBF0BF80001F5B0 /* YouTubeiOSPlayerHelper */; };
		043F84562BAC90B7007E72BF /* UIImage+Extensions.swift in Sources */ = {isa = PBXBuildFile; fileRef = 043F84552BAC90B7007E72BF /* UIImage+Extensions.swift */; };
		043F84592BADC936007E72BF /* BaseViewModel.swift in Sources */ = {isa = PBXBuildFile; fileRef = 043F84582BADC936007E72BF /* BaseViewModel.swift */; };
		043F84632BB1DB33007E72BF /* HomeView.swift in Sources */ = {isa = PBXBuildFile; fileRef = 043F84622BB1DB33007E72BF /* HomeView.swift */; };
		043F84652BB1DC06007E72BF /* UIColor+Extensions.swift in Sources */ = {isa = PBXBuildFile; fileRef = 043F84642BB1DC06007E72BF /* UIColor+Extensions.swift */; };
		043F84682BB1DCFF007E72BF /* CustomSegmentControl.swift in Sources */ = {isa = PBXBuildFile; fileRef = 043F84672BB1DCFF007E72BF /* CustomSegmentControl.swift */; };
		043F846A2BB2F9B7007E72BF /* MovieCell.swift in Sources */ = {isa = PBXBuildFile; fileRef = 043F84692BB2F9B7007E72BF /* MovieCell.swift */; };
		043F846C2BB30E4A007E72BF /* BaseCollectionViewCell.swift in Sources */ = {isa = PBXBuildFile; fileRef = 043F846B2BB30E4A007E72BF /* BaseCollectionViewCell.swift */; };
		043F846E2BB30F40007E72BF /* UICollectionView+Extensions.swift in Sources */ = {isa = PBXBuildFile; fileRef = 043F846D2BB30F40007E72BF /* UICollectionView+Extensions.swift */; };
		043F84742BB47305007E72BF /* BaseViewController.swift in Sources */ = {isa = PBXBuildFile; fileRef = 043F84732BB47305007E72BF /* BaseViewController.swift */; };
		043F84772BB58DB5007E72BF /* DetailsViewModel.swift in Sources */ = {isa = PBXBuildFile; fileRef = 043F84762BB58DB5007E72BF /* DetailsViewModel.swift */; };
		043F84792BB58DC8007E72BF /* DetailsViewController.swift in Sources */ = {isa = PBXBuildFile; fileRef = 043F84782BB58DC8007E72BF /* DetailsViewController.swift */; };
		043F847D2BB58E03007E72BF /* DetailsView.swift in Sources */ = {isa = PBXBuildFile; fileRef = 043F847C2BB58E03007E72BF /* DetailsView.swift */; };
		043F847F2BB59140007E72BF /* PosterCell.swift in Sources */ = {isa = PBXBuildFile; fileRef = 043F847E2BB59140007E72BF /* PosterCell.swift */; };
		043F84812BB591DC007E72BF /* BaseTableViewCell.swift in Sources */ = {isa = PBXBuildFile; fileRef = 043F84802BB591DC007E72BF /* BaseTableViewCell.swift */; };
		043F84832BB59534007E72BF /* UIStackView+Extensions.swift in Sources */ = {isa = PBXBuildFile; fileRef = 043F84822BB59534007E72BF /* UIStackView+Extensions.swift */; };
		043F84852BB5A29F007E72BF /* DetailsCell.swift in Sources */ = {isa = PBXBuildFile; fileRef = 043F84842BB5A29F007E72BF /* DetailsCell.swift */; };
		043F84872BB5B9FA007E72BF /* UITableView+Extensions.swift in Sources */ = {isa = PBXBuildFile; fileRef = 043F84862BB5B9F9007E72BF /* UITableView+Extensions.swift */; };
		046570112BBC373700716E8E /* SynopsisCell.swift in Sources */ = {isa = PBXBuildFile; fileRef = 046570102BBC373700716E8E /* SynopsisCell.swift */; };
		046570142BBC552F00716E8E /* UILabel+Extensions.swift in Sources */ = {isa = PBXBuildFile; fileRef = 046570132BBC552F00716E8E /* UILabel+Extensions.swift */; };
		046570162BBC5FA400716E8E /* CastTableViewCell.swift in Sources */ = {isa = PBXBuildFile; fileRef = 046570152BBC5FA400716E8E /* CastTableViewCell.swift */; };
		046570182BBC614400716E8E /* Cast.swift in Sources */ = {isa = PBXBuildFile; fileRef = 046570172BBC614400716E8E /* Cast.swift */; };
		047162712BA9E01E008D883E /* AppDelegate.swift in Sources */ = {isa = PBXBuildFile; fileRef = 047162702BA9E01E008D883E /* AppDelegate.swift */; };
		047162732BA9E01E008D883E /* SceneDelegate.swift in Sources */ = {isa = PBXBuildFile; fileRef = 047162722BA9E01E008D883E /* SceneDelegate.swift */; };
		047162752BA9E01E008D883E /* ViewController.swift in Sources */ = {isa = PBXBuildFile; fileRef = 047162742BA9E01E008D883E /* ViewController.swift */; };
		047162782BA9E01E008D883E /* Main.storyboard in Resources */ = {isa = PBXBuildFile; fileRef = 047162762BA9E01E008D883E /* Main.storyboard */; };
		0471627B2BA9E01E008D883E /* Movies.xcdatamodeld in Sources */ = {isa = PBXBuildFile; fileRef = 047162792BA9E01E008D883E /* Movies.xcdatamodeld */; };
		0471627D2BA9E020008D883E /* Assets.xcassets in Resources */ = {isa = PBXBuildFile; fileRef = 0471627C2BA9E020008D883E /* Assets.xcassets */; };
		047162802BA9E020008D883E /* LaunchScreen.storyboard in Resources */ = {isa = PBXBuildFile; fileRef = 0471627E2BA9E020008D883E /* LaunchScreen.storyboard */; };
		047162892BA9E05A008D883E /* SnapKit in Frameworks */ = {isa = PBXBuildFile; productRef = 047162882BA9E05A008D883E /* SnapKit */; };
		0471628D2BA9E67A008D883E /* Movies.swift in Sources */ = {isa = PBXBuildFile; fileRef = 0471628C2BA9E67A008D883E /* Movies.swift */; };
		0471628F2BA9E6F2008D883E /* Response.swift in Sources */ = {isa = PBXBuildFile; fileRef = 0471628E2BA9E6F2008D883E /* Response.swift */; };
		047162922BA9E742008D883E /* MoviesAPI.swift in Sources */ = {isa = PBXBuildFile; fileRef = 047162912BA9E742008D883E /* MoviesAPI.swift */; };
		047162942BA9E7A9008D883E /* NetworkProtocol.swift in Sources */ = {isa = PBXBuildFile; fileRef = 047162932BA9E7A9008D883E /* NetworkProtocol.swift */; };
		047162962BA9E80D008D883E /* NetworkManager.swift in Sources */ = {isa = PBXBuildFile; fileRef = 047162952BA9E80D008D883E /* NetworkManager.swift */; };
		0471629A2BA9EE22008D883E /* Coordinator.swift in Sources */ = {isa = PBXBuildFile; fileRef = 047162992BA9EE22008D883E /* Coordinator.swift */; };
		0471629C2BA9EEA2008D883E /* AppCoordinator.swift in Sources */ = {isa = PBXBuildFile; fileRef = 0471629B2BA9EEA2008D883E /* AppCoordinator.swift */; };
		0471629F2BAC8334008D883E /* TabCoordinator.swift in Sources */ = {isa = PBXBuildFile; fileRef = 0471629E2BAC8334008D883E /* TabCoordinator.swift */; };
		047162A22BAC851A008D883E /* HomeViewController.swift in Sources */ = {isa = PBXBuildFile; fileRef = 047162A12BAC8519008D883E /* HomeViewController.swift */; };
		047162A42BAC8525008D883E /* HomeViewModel.swift in Sources */ = {isa = PBXBuildFile; fileRef = 047162A32BAC8525008D883E /* HomeViewModel.swift */; };
		04ACD64D2BBEA0E7007D21F2 /* CastMemberView.swift in Sources */ = {isa = PBXBuildFile; fileRef = 04ACD64C2BBEA0E7007D21F2 /* CastMemberView.swift */; };
/* End PBXBuildFile section */

/* Begin PBXFileReference section */
		04166C762BBEE4080001F5B0 /* MediaCell.swift */ = {isa = PBXFileReference; lastKnownFileType = sourcecode.swift; path = MediaCell.swift; sourceTree = "<group>"; };
		04166C782BBEE74F0001F5B0 /* PhotoCollectionViewCell.swift */ = {isa = PBXFileReference; lastKnownFileType = sourcecode.swift; path = PhotoCollectionViewCell.swift; sourceTree = "<group>"; };
		043F84552BAC90B7007E72BF /* UIImage+Extensions.swift */ = {isa = PBXFileReference; lastKnownFileType = sourcecode.swift; path = "UIImage+Extensions.swift"; sourceTree = "<group>"; };
		043F84582BADC936007E72BF /* BaseViewModel.swift */ = {isa = PBXFileReference; lastKnownFileType = sourcecode.swift; path = BaseViewModel.swift; sourceTree = "<group>"; };
		043F84622BB1DB33007E72BF /* HomeView.swift */ = {isa = PBXFileReference; lastKnownFileType = sourcecode.swift; path = HomeView.swift; sourceTree = "<group>"; };
		043F84642BB1DC06007E72BF /* UIColor+Extensions.swift */ = {isa = PBXFileReference; lastKnownFileType = sourcecode.swift; path = "UIColor+Extensions.swift"; sourceTree = "<group>"; };
		043F84672BB1DCFF007E72BF /* CustomSegmentControl.swift */ = {isa = PBXFileReference; lastKnownFileType = sourcecode.swift; path = CustomSegmentControl.swift; sourceTree = "<group>"; };
		043F84692BB2F9B7007E72BF /* MovieCell.swift */ = {isa = PBXFileReference; lastKnownFileType = sourcecode.swift; path = MovieCell.swift; sourceTree = "<group>"; };
		043F846B2BB30E4A007E72BF /* BaseCollectionViewCell.swift */ = {isa = PBXFileReference; lastKnownFileType = sourcecode.swift; path = BaseCollectionViewCell.swift; sourceTree = "<group>"; };
		043F846D2BB30F40007E72BF /* UICollectionView+Extensions.swift */ = {isa = PBXFileReference; lastKnownFileType = sourcecode.swift; path = "UICollectionView+Extensions.swift"; sourceTree = "<group>"; };
		043F84732BB47305007E72BF /* BaseViewController.swift */ = {isa = PBXFileReference; lastKnownFileType = sourcecode.swift; path = BaseViewController.swift; sourceTree = "<group>"; };
		043F84762BB58DB5007E72BF /* DetailsViewModel.swift */ = {isa = PBXFileReference; lastKnownFileType = sourcecode.swift; path = DetailsViewModel.swift; sourceTree = "<group>"; };
		043F84782BB58DC8007E72BF /* DetailsViewController.swift */ = {isa = PBXFileReference; lastKnownFileType = sourcecode.swift; path = DetailsViewController.swift; sourceTree = "<group>"; };
		043F847C2BB58E03007E72BF /* DetailsView.swift */ = {isa = PBXFileReference; lastKnownFileType = sourcecode.swift; path = DetailsView.swift; sourceTree = "<group>"; };
		043F847E2BB59140007E72BF /* PosterCell.swift */ = {isa = PBXFileReference; lastKnownFileType = sourcecode.swift; path = PosterCell.swift; sourceTree = "<group>"; };
		043F84802BB591DC007E72BF /* BaseTableViewCell.swift */ = {isa = PBXFileReference; lastKnownFileType = sourcecode.swift; path = BaseTableViewCell.swift; sourceTree = "<group>"; };
		043F84822BB59534007E72BF /* UIStackView+Extensions.swift */ = {isa = PBXFileReference; lastKnownFileType = sourcecode.swift; path = "UIStackView+Extensions.swift"; sourceTree = "<group>"; };
		043F84842BB5A29F007E72BF /* DetailsCell.swift */ = {isa = PBXFileReference; lastKnownFileType = sourcecode.swift; path = DetailsCell.swift; sourceTree = "<group>"; };
		043F84862BB5B9F9007E72BF /* UITableView+Extensions.swift */ = {isa = PBXFileReference; lastKnownFileType = sourcecode.swift; path = "UITableView+Extensions.swift"; sourceTree = "<group>"; };
		046570102BBC373700716E8E /* SynopsisCell.swift */ = {isa = PBXFileReference; lastKnownFileType = sourcecode.swift; path = SynopsisCell.swift; sourceTree = "<group>"; };
		046570132BBC552F00716E8E /* UILabel+Extensions.swift */ = {isa = PBXFileReference; lastKnownFileType = sourcecode.swift; path = "UILabel+Extensions.swift"; sourceTree = "<group>"; };
		046570152BBC5FA400716E8E /* CastTableViewCell.swift */ = {isa = PBXFileReference; lastKnownFileType = sourcecode.swift; path = CastTableViewCell.swift; sourceTree = "<group>"; };
		046570172BBC614400716E8E /* Cast.swift */ = {isa = PBXFileReference; lastKnownFileType = sourcecode.swift; path = Cast.swift; sourceTree = "<group>"; };
		0471626D2BA9E01E008D883E /* Movies.app */ = {isa = PBXFileReference; explicitFileType = wrapper.application; includeInIndex = 0; path = Movies.app; sourceTree = BUILT_PRODUCTS_DIR; };
		047162702BA9E01E008D883E /* AppDelegate.swift */ = {isa = PBXFileReference; lastKnownFileType = sourcecode.swift; path = AppDelegate.swift; sourceTree = "<group>"; };
		047162722BA9E01E008D883E /* SceneDelegate.swift */ = {isa = PBXFileReference; lastKnownFileType = sourcecode.swift; path = SceneDelegate.swift; sourceTree = "<group>"; };
		047162742BA9E01E008D883E /* ViewController.swift */ = {isa = PBXFileReference; lastKnownFileType = sourcecode.swift; path = ViewController.swift; sourceTree = "<group>"; };
		047162772BA9E01E008D883E /* Base */ = {isa = PBXFileReference; lastKnownFileType = file.storyboard; name = Base; path = Base.lproj/Main.storyboard; sourceTree = "<group>"; };
		0471627A2BA9E01E008D883E /* Movies.xcdatamodel */ = {isa = PBXFileReference; lastKnownFileType = wrapper.xcdatamodel; path = Movies.xcdatamodel; sourceTree = "<group>"; };
		0471627C2BA9E020008D883E /* Assets.xcassets */ = {isa = PBXFileReference; lastKnownFileType = folder.assetcatalog; path = Assets.xcassets; sourceTree = "<group>"; };
		0471627F2BA9E020008D883E /* Base */ = {isa = PBXFileReference; lastKnownFileType = file.storyboard; name = Base; path = Base.lproj/LaunchScreen.storyboard; sourceTree = "<group>"; };
		047162812BA9E020008D883E /* Info.plist */ = {isa = PBXFileReference; lastKnownFileType = text.plist.xml; path = Info.plist; sourceTree = "<group>"; };
		0471628C2BA9E67A008D883E /* Movies.swift */ = {isa = PBXFileReference; lastKnownFileType = sourcecode.swift; path = Movies.swift; sourceTree = "<group>"; };
		0471628E2BA9E6F2008D883E /* Response.swift */ = {isa = PBXFileReference; lastKnownFileType = sourcecode.swift; path = Response.swift; sourceTree = "<group>"; };
		047162912BA9E742008D883E /* MoviesAPI.swift */ = {isa = PBXFileReference; lastKnownFileType = sourcecode.swift; path = MoviesAPI.swift; sourceTree = "<group>"; };
		047162932BA9E7A9008D883E /* NetworkProtocol.swift */ = {isa = PBXFileReference; lastKnownFileType = sourcecode.swift; path = NetworkProtocol.swift; sourceTree = "<group>"; };
		047162952BA9E80D008D883E /* NetworkManager.swift */ = {isa = PBXFileReference; lastKnownFileType = sourcecode.swift; path = NetworkManager.swift; sourceTree = "<group>"; };
		047162992BA9EE22008D883E /* Coordinator.swift */ = {isa = PBXFileReference; lastKnownFileType = sourcecode.swift; path = Coordinator.swift; sourceTree = "<group>"; };
		0471629B2BA9EEA2008D883E /* AppCoordinator.swift */ = {isa = PBXFileReference; lastKnownFileType = sourcecode.swift; path = AppCoordinator.swift; sourceTree = "<group>"; };
		0471629E2BAC8334008D883E /* TabCoordinator.swift */ = {isa = PBXFileReference; lastKnownFileType = sourcecode.swift; path = TabCoordinator.swift; sourceTree = "<group>"; };
		047162A12BAC8519008D883E /* HomeViewController.swift */ = {isa = PBXFileReference; lastKnownFileType = sourcecode.swift; path = HomeViewController.swift; sourceTree = "<group>"; };
		047162A32BAC8525008D883E /* HomeViewModel.swift */ = {isa = PBXFileReference; lastKnownFileType = sourcecode.swift; path = HomeViewModel.swift; sourceTree = "<group>"; };
		04ACD64C2BBEA0E7007D21F2 /* CastMemberView.swift */ = {isa = PBXFileReference; lastKnownFileType = sourcecode.swift; path = CastMemberView.swift; sourceTree = "<group>"; };
/* End PBXFileReference section */

/* Begin PBXFrameworksBuildPhase section */
		0471626A2BA9E01E008D883E /* Frameworks */ = {
			isa = PBXFrameworksBuildPhase;
			buildActionMask = 2147483647;
			files = (
				047162892BA9E05A008D883E /* SnapKit in Frameworks */,
				04166C7C2BBF0BF80001F5B0 /* YouTubeiOSPlayerHelper in Frameworks */,
			);
			runOnlyForDeploymentPostprocessing = 0;
		};
/* End PBXFrameworksBuildPhase section */

/* Begin PBXGroup section */
		04166C752BBEE3CA0001F5B0 /* Media */ = {
			isa = PBXGroup;
			children = (
				04166C762BBEE4080001F5B0 /* MediaCell.swift */,
				04166C782BBEE74F0001F5B0 /* PhotoCollectionViewCell.swift */,
			);
			path = Media;
			sourceTree = "<group>";
		};
		043F84542BAC90A5007E72BF /* Extensions */ = {
			isa = PBXGroup;
			children = (
				043F84552BAC90B7007E72BF /* UIImage+Extensions.swift */,
				043F84642BB1DC06007E72BF /* UIColor+Extensions.swift */,
				043F846D2BB30F40007E72BF /* UICollectionView+Extensions.swift */,
				043F84822BB59534007E72BF /* UIStackView+Extensions.swift */,
				043F84862BB5B9F9007E72BF /* UITableView+Extensions.swift */,
				046570132BBC552F00716E8E /* UILabel+Extensions.swift */,
			);
			path = Extensions;
			sourceTree = "<group>";
		};
		043F84572BADC925007E72BF /* Core */ = {
			isa = PBXGroup;
			children = (
				043F84582BADC936007E72BF /* BaseViewModel.swift */,
				043F846B2BB30E4A007E72BF /* BaseCollectionViewCell.swift */,
				043F84732BB47305007E72BF /* BaseViewController.swift */,
				043F84802BB591DC007E72BF /* BaseTableViewCell.swift */,
			);
			path = Core;
			sourceTree = "<group>";
		};
		043F84662BB1DCE4007E72BF /* View */ = {
			isa = PBXGroup;
			children = (
				043F84672BB1DCFF007E72BF /* CustomSegmentControl.swift */,
				043F84622BB1DB33007E72BF /* HomeView.swift */,
				043F84692BB2F9B7007E72BF /* MovieCell.swift */,
			);
			path = View;
			sourceTree = "<group>";
		};
		043F84752BB58D65007E72BF /* Details */ = {
			isa = PBXGroup;
			children = (
				043F847B2BB58DE8007E72BF /* View */,
				043F84762BB58DB5007E72BF /* DetailsViewModel.swift */,
				043F84782BB58DC8007E72BF /* DetailsViewController.swift */,
			);
			path = Details;
			sourceTree = "<group>";
		};
		043F847A2BB58DD2007E72BF /* Cells */ = {
			isa = PBXGroup;
			children = (
				04166C752BBEE3CA0001F5B0 /* Media */,
				046570192BBC6A8A00716E8E /* Cast&Crew */,
				043F847E2BB59140007E72BF /* PosterCell.swift */,
				046570102BBC373700716E8E /* SynopsisCell.swift */,
			);
			path = Cells;
			sourceTree = "<group>";
		};
		043F847B2BB58DE8007E72BF /* View */ = {
			isa = PBXGroup;
			children = (
				043F84842BB5A29F007E72BF /* DetailsCell.swift */,
				043F847A2BB58DD2007E72BF /* Cells */,
				043F847C2BB58E03007E72BF /* DetailsView.swift */,
			);
			path = View;
			sourceTree = "<group>";
		};
		046570192BBC6A8A00716E8E /* Cast&Crew */ = {
			isa = PBXGroup;
			children = (
				046570152BBC5FA400716E8E /* CastTableViewCell.swift */,
				04ACD64C2BBEA0E7007D21F2 /* CastMemberView.swift */,
			);
			path = "Cast&Crew";
			sourceTree = "<group>";
		};
		047162642BA9E01E008D883E = {
			isa = PBXGroup;
			children = (
				0471626F2BA9E01E008D883E /* Movies */,
				0471626E2BA9E01E008D883E /* Products */,
			);
			sourceTree = "<group>";
		};
		0471626E2BA9E01E008D883E /* Products */ = {
			isa = PBXGroup;
			children = (
				0471626D2BA9E01E008D883E /* Movies.app */,
			);
			name = Products;
			sourceTree = "<group>";
		};
		0471626F2BA9E01E008D883E /* Movies */ = {
			isa = PBXGroup;
			children = (
				043F84542BAC90A5007E72BF /* Extensions */,
				047162972BA9EE12008D883E /* Modules */,
				0471628A2BA9E607008D883E /* Managers */,
				047162702BA9E01E008D883E /* AppDelegate.swift */,
				047162722BA9E01E008D883E /* SceneDelegate.swift */,
				047162742BA9E01E008D883E /* ViewController.swift */,
				047162762BA9E01E008D883E /* Main.storyboard */,
				0471627C2BA9E020008D883E /* Assets.xcassets */,
				0471627E2BA9E020008D883E /* LaunchScreen.storyboard */,
				047162812BA9E020008D883E /* Info.plist */,
				047162792BA9E01E008D883E /* Movies.xcdatamodeld */,
			);
			path = Movies;
			sourceTree = "<group>";
		};
		0471628A2BA9E607008D883E /* Managers */ = {
			isa = PBXGroup;
			children = (
				047162902BA9E734008D883E /* Networking */,
				0471628B2BA9E61B008D883E /* Models */,
			);
			path = Managers;
			sourceTree = "<group>";
		};
		0471628B2BA9E61B008D883E /* Models */ = {
			isa = PBXGroup;
			children = (
				0471628C2BA9E67A008D883E /* Movies.swift */,
				0471628E2BA9E6F2008D883E /* Response.swift */,
				046570172BBC614400716E8E /* Cast.swift */,
			);
			path = Models;
			sourceTree = "<group>";
		};
		047162902BA9E734008D883E /* Networking */ = {
			isa = PBXGroup;
			children = (
				047162912BA9E742008D883E /* MoviesAPI.swift */,
				047162932BA9E7A9008D883E /* NetworkProtocol.swift */,
				047162952BA9E80D008D883E /* NetworkManager.swift */,
			);
			path = Networking;
			sourceTree = "<group>";
		};
		047162972BA9EE12008D883E /* Modules */ = {
			isa = PBXGroup;
			children = (
				043F84752BB58D65007E72BF /* Details */,
				043F84572BADC925007E72BF /* Core */,
				047162A02BAC84A7008D883E /* Home */,
				047162982BA9EE18008D883E /* Flow */,
			);
			path = Modules;
			sourceTree = "<group>";
		};
		047162982BA9EE18008D883E /* Flow */ = {
			isa = PBXGroup;
			children = (
				0471629D2BA9F0E9008D883E /* TabFlow */,
				047162992BA9EE22008D883E /* Coordinator.swift */,
				0471629B2BA9EEA2008D883E /* AppCoordinator.swift */,
			);
			path = Flow;
			sourceTree = "<group>";
		};
		0471629D2BA9F0E9008D883E /* TabFlow */ = {
			isa = PBXGroup;
			children = (
				0471629E2BAC8334008D883E /* TabCoordinator.swift */,
			);
			path = TabFlow;
			sourceTree = "<group>";
		};
		047162A02BAC84A7008D883E /* Home */ = {
			isa = PBXGroup;
			children = (
				043F84662BB1DCE4007E72BF /* View */,
				047162A32BAC8525008D883E /* HomeViewModel.swift */,
				047162A12BAC8519008D883E /* HomeViewController.swift */,
			);
			path = Home;
			sourceTree = "<group>";
		};
/* End PBXGroup section */

/* Begin PBXNativeTarget section */
		0471626C2BA9E01E008D883E /* Movies */ = {
			isa = PBXNativeTarget;
			buildConfigurationList = 047162842BA9E020008D883E /* Build configuration list for PBXNativeTarget "Movies" */;
			buildPhases = (
				047162692BA9E01E008D883E /* Sources */,
				0471626A2BA9E01E008D883E /* Frameworks */,
				0471626B2BA9E01E008D883E /* Resources */,
			);
			buildRules = (
			);
			dependencies = (
			);
			name = Movies;
			packageProductDependencies = (
				047162882BA9E05A008D883E /* SnapKit */,
				04166C7B2BBF0BF80001F5B0 /* YouTubeiOSPlayerHelper */,
			);
			productName = Movies;
			productReference = 0471626D2BA9E01E008D883E /* Movies.app */;
			productType = "com.apple.product-type.application";
		};
/* End PBXNativeTarget section */

/* Begin PBXProject section */
		047162652BA9E01E008D883E /* Project object */ = {
			isa = PBXProject;
			attributes = {
				BuildIndependentTargetsInParallel = 1;
				LastSwiftUpdateCheck = 1420;
				LastUpgradeCheck = 1420;
				TargetAttributes = {
					0471626C2BA9E01E008D883E = {
						CreatedOnToolsVersion = 14.2;
					};
				};
			};
			buildConfigurationList = 047162682BA9E01E008D883E /* Build configuration list for PBXProject "Movies" */;
			compatibilityVersion = "Xcode 14.0";
			developmentRegion = en;
			hasScannedForEncodings = 0;
			knownRegions = (
				en,
				Base,
			);
			mainGroup = 047162642BA9E01E008D883E;
			packageReferences = (
				047162872BA9E05A008D883E /* XCRemoteSwiftPackageReference "SnapKit" */,
				04166C7A2BBF0BF80001F5B0 /* XCRemoteSwiftPackageReference "youtube-ios-player-helper" */,
			);
			productRefGroup = 0471626E2BA9E01E008D883E /* Products */;
			projectDirPath = "";
			projectRoot = "";
			targets = (
				0471626C2BA9E01E008D883E /* Movies */,
			);
		};
/* End PBXProject section */

/* Begin PBXResourcesBuildPhase section */
		0471626B2BA9E01E008D883E /* Resources */ = {
			isa = PBXResourcesBuildPhase;
			buildActionMask = 2147483647;
			files = (
				047162802BA9E020008D883E /* LaunchScreen.storyboard in Resources */,
				0471627D2BA9E020008D883E /* Assets.xcassets in Resources */,
				047162782BA9E01E008D883E /* Main.storyboard in Resources */,
			);
			runOnlyForDeploymentPostprocessing = 0;
		};
/* End PBXResourcesBuildPhase section */

/* Begin PBXSourcesBuildPhase section */
		047162692BA9E01E008D883E /* Sources */ = {
			isa = PBXSourcesBuildPhase;
			buildActionMask = 2147483647;
			files = (
				0471629C2BA9EEA2008D883E /* AppCoordinator.swift in Sources */,
				04ACD64D2BBEA0E7007D21F2 /* CastMemberView.swift in Sources */,
				047162962BA9E80D008D883E /* NetworkManager.swift in Sources */,
				046570182BBC614400716E8E /* Cast.swift in Sources */,
				047162922BA9E742008D883E /* MoviesAPI.swift in Sources */,
				043F84742BB47305007E72BF /* BaseViewController.swift in Sources */,
				043F84812BB591DC007E72BF /* BaseTableViewCell.swift in Sources */,
				0471629A2BA9EE22008D883E /* Coordinator.swift in Sources */,
				047162752BA9E01E008D883E /* ViewController.swift in Sources */,
				043F84592BADC936007E72BF /* BaseViewModel.swift in Sources */,
				043F846C2BB30E4A007E72BF /* BaseCollectionViewCell.swift in Sources */,
				047162712BA9E01E008D883E /* AppDelegate.swift in Sources */,
				043F84872BB5B9FA007E72BF /* UITableView+Extensions.swift in Sources */,
				043F847F2BB59140007E72BF /* PosterCell.swift in Sources */,
				0471627B2BA9E01E008D883E /* Movies.xcdatamodeld in Sources */,
				043F84852BB5A29F007E72BF /* DetailsCell.swift in Sources */,
				047162942BA9E7A9008D883E /* NetworkProtocol.swift in Sources */,
				043F84772BB58DB5007E72BF /* DetailsViewModel.swift in Sources */,
				047162732BA9E01E008D883E /* SceneDelegate.swift in Sources */,
				043F84652BB1DC06007E72BF /* UIColor+Extensions.swift in Sources */,
				043F84682BB1DCFF007E72BF /* CustomSegmentControl.swift in Sources */,
				047162A42BAC8525008D883E /* HomeViewModel.swift in Sources */,
				046570162BBC5FA400716E8E /* CastTableViewCell.swift in Sources */,
				04166C792BBEE74F0001F5B0 /* PhotoCollectionViewCell.swift in Sources */,
				043F846A2BB2F9B7007E72BF /* MovieCell.swift in Sources */,
				046570112BBC373700716E8E /* SynopsisCell.swift in Sources */,
				04166C772BBEE4080001F5B0 /* MediaCell.swift in Sources */,
				046570142BBC552F00716E8E /* UILabel+Extensions.swift in Sources */,
				0471628F2BA9E6F2008D883E /* Response.swift in Sources */,
				0471629F2BAC8334008D883E /* TabCoordinator.swift in Sources */,
				043F847D2BB58E03007E72BF /* DetailsView.swift in Sources */,
				043F84792BB58DC8007E72BF /* DetailsViewController.swift in Sources */,
				043F84562BAC90B7007E72BF /* UIImage+Extensions.swift in Sources */,
				043F846E2BB30F40007E72BF /* UICollectionView+Extensions.swift in Sources */,
				047162A22BAC851A008D883E /* HomeViewController.swift in Sources */,
				0471628D2BA9E67A008D883E /* Movies.swift in Sources */,
				043F84632BB1DB33007E72BF /* HomeView.swift in Sources */,
				043F84832BB59534007E72BF /* UIStackView+Extensions.swift in Sources */,
			);
			runOnlyForDeploymentPostprocessing = 0;
		};
/* End PBXSourcesBuildPhase section */

/* Begin PBXVariantGroup section */
		047162762BA9E01E008D883E /* Main.storyboard */ = {
			isa = PBXVariantGroup;
			children = (
				047162772BA9E01E008D883E /* Base */,
			);
			name = Main.storyboard;
			sourceTree = "<group>";
		};
		0471627E2BA9E020008D883E /* LaunchScreen.storyboard */ = {
			isa = PBXVariantGroup;
			children = (
				0471627F2BA9E020008D883E /* Base */,
			);
			name = LaunchScreen.storyboard;
			sourceTree = "<group>";
		};
/* End PBXVariantGroup section */

/* Begin XCBuildConfiguration section */
		047162822BA9E020008D883E /* Debug */ = {
			isa = XCBuildConfiguration;
			buildSettings = {
				ALWAYS_SEARCH_USER_PATHS = NO;
				CLANG_ANALYZER_NONNULL = YES;
				CLANG_ANALYZER_NUMBER_OBJECT_CONVERSION = YES_AGGRESSIVE;
				CLANG_CXX_LANGUAGE_STANDARD = "gnu++20";
				CLANG_ENABLE_MODULES = YES;
				CLANG_ENABLE_OBJC_ARC = YES;
				CLANG_ENABLE_OBJC_WEAK = YES;
				CLANG_WARN_BLOCK_CAPTURE_AUTORELEASING = YES;
				CLANG_WARN_BOOL_CONVERSION = YES;
				CLANG_WARN_COMMA = YES;
				CLANG_WARN_CONSTANT_CONVERSION = YES;
				CLANG_WARN_DEPRECATED_OBJC_IMPLEMENTATIONS = YES;
				CLANG_WARN_DIRECT_OBJC_ISA_USAGE = YES_ERROR;
				CLANG_WARN_DOCUMENTATION_COMMENTS = YES;
				CLANG_WARN_EMPTY_BODY = YES;
				CLANG_WARN_ENUM_CONVERSION = YES;
				CLANG_WARN_INFINITE_RECURSION = YES;
				CLANG_WARN_INT_CONVERSION = YES;
				CLANG_WARN_NON_LITERAL_NULL_CONVERSION = YES;
				CLANG_WARN_OBJC_IMPLICIT_RETAIN_SELF = YES;
				CLANG_WARN_OBJC_LITERAL_CONVERSION = YES;
				CLANG_WARN_OBJC_ROOT_CLASS = YES_ERROR;
				CLANG_WARN_QUOTED_INCLUDE_IN_FRAMEWORK_HEADER = YES;
				CLANG_WARN_RANGE_LOOP_ANALYSIS = YES;
				CLANG_WARN_STRICT_PROTOTYPES = YES;
				CLANG_WARN_SUSPICIOUS_MOVE = YES;
				CLANG_WARN_UNGUARDED_AVAILABILITY = YES_AGGRESSIVE;
				CLANG_WARN_UNREACHABLE_CODE = YES;
				CLANG_WARN__DUPLICATE_METHOD_MATCH = YES;
				COPY_PHASE_STRIP = NO;
				DEBUG_INFORMATION_FORMAT = dwarf;
				ENABLE_STRICT_OBJC_MSGSEND = YES;
				ENABLE_TESTABILITY = YES;
				GCC_C_LANGUAGE_STANDARD = gnu11;
				GCC_DYNAMIC_NO_PIC = NO;
				GCC_NO_COMMON_BLOCKS = YES;
				GCC_OPTIMIZATION_LEVEL = 0;
				GCC_PREPROCESSOR_DEFINITIONS = (
					"DEBUG=1",
					"$(inherited)",
				);
				GCC_WARN_64_TO_32_BIT_CONVERSION = YES;
				GCC_WARN_ABOUT_RETURN_TYPE = YES_ERROR;
				GCC_WARN_UNDECLARED_SELECTOR = YES;
				GCC_WARN_UNINITIALIZED_AUTOS = YES_AGGRESSIVE;
				GCC_WARN_UNUSED_FUNCTION = YES;
				GCC_WARN_UNUSED_VARIABLE = YES;
				IPHONEOS_DEPLOYMENT_TARGET = 16.2;
				MTL_ENABLE_DEBUG_INFO = INCLUDE_SOURCE;
				MTL_FAST_MATH = YES;
				ONLY_ACTIVE_ARCH = YES;
				SDKROOT = iphoneos;
				SWIFT_ACTIVE_COMPILATION_CONDITIONS = DEBUG;
				SWIFT_OPTIMIZATION_LEVEL = "-Onone";
			};
			name = Debug;
		};
		047162832BA9E020008D883E /* Release */ = {
			isa = XCBuildConfiguration;
			buildSettings = {
				ALWAYS_SEARCH_USER_PATHS = NO;
				CLANG_ANALYZER_NONNULL = YES;
				CLANG_ANALYZER_NUMBER_OBJECT_CONVERSION = YES_AGGRESSIVE;
				CLANG_CXX_LANGUAGE_STANDARD = "gnu++20";
				CLANG_ENABLE_MODULES = YES;
				CLANG_ENABLE_OBJC_ARC = YES;
				CLANG_ENABLE_OBJC_WEAK = YES;
				CLANG_WARN_BLOCK_CAPTURE_AUTORELEASING = YES;
				CLANG_WARN_BOOL_CONVERSION = YES;
				CLANG_WARN_COMMA = YES;
				CLANG_WARN_CONSTANT_CONVERSION = YES;
				CLANG_WARN_DEPRECATED_OBJC_IMPLEMENTATIONS = YES;
				CLANG_WARN_DIRECT_OBJC_ISA_USAGE = YES_ERROR;
				CLANG_WARN_DOCUMENTATION_COMMENTS = YES;
				CLANG_WARN_EMPTY_BODY = YES;
				CLANG_WARN_ENUM_CONVERSION = YES;
				CLANG_WARN_INFINITE_RECURSION = YES;
				CLANG_WARN_INT_CONVERSION = YES;
				CLANG_WARN_NON_LITERAL_NULL_CONVERSION = YES;
				CLANG_WARN_OBJC_IMPLICIT_RETAIN_SELF = YES;
				CLANG_WARN_OBJC_LITERAL_CONVERSION = YES;
				CLANG_WARN_OBJC_ROOT_CLASS = YES_ERROR;
				CLANG_WARN_QUOTED_INCLUDE_IN_FRAMEWORK_HEADER = YES;
				CLANG_WARN_RANGE_LOOP_ANALYSIS = YES;
				CLANG_WARN_STRICT_PROTOTYPES = YES;
				CLANG_WARN_SUSPICIOUS_MOVE = YES;
				CLANG_WARN_UNGUARDED_AVAILABILITY = YES_AGGRESSIVE;
				CLANG_WARN_UNREACHABLE_CODE = YES;
				CLANG_WARN__DUPLICATE_METHOD_MATCH = YES;
				COPY_PHASE_STRIP = NO;
				DEBUG_INFORMATION_FORMAT = "dwarf-with-dsym";
				ENABLE_NS_ASSERTIONS = NO;
				ENABLE_STRICT_OBJC_MSGSEND = YES;
				GCC_C_LANGUAGE_STANDARD = gnu11;
				GCC_NO_COMMON_BLOCKS = YES;
				GCC_WARN_64_TO_32_BIT_CONVERSION = YES;
				GCC_WARN_ABOUT_RETURN_TYPE = YES_ERROR;
				GCC_WARN_UNDECLARED_SELECTOR = YES;
				GCC_WARN_UNINITIALIZED_AUTOS = YES_AGGRESSIVE;
				GCC_WARN_UNUSED_FUNCTION = YES;
				GCC_WARN_UNUSED_VARIABLE = YES;
				IPHONEOS_DEPLOYMENT_TARGET = 16.2;
				MTL_ENABLE_DEBUG_INFO = NO;
				MTL_FAST_MATH = YES;
				SDKROOT = iphoneos;
				SWIFT_COMPILATION_MODE = wholemodule;
				SWIFT_OPTIMIZATION_LEVEL = "-O";
				VALIDATE_PRODUCT = YES;
			};
			name = Release;
		};
		047162852BA9E020008D883E /* Debug */ = {
			isa = XCBuildConfiguration;
			buildSettings = {
				ASSETCATALOG_COMPILER_APPICON_NAME = AppIcon;
				ASSETCATALOG_COMPILER_GLOBAL_ACCENT_COLOR_NAME = AccentColor;
				CODE_SIGN_STYLE = Automatic;
				CURRENT_PROJECT_VERSION = 1;
				GENERATE_INFOPLIST_FILE = YES;
				INFOPLIST_FILE = Movies/Info.plist;
				INFOPLIST_KEY_UIApplicationSupportsIndirectInputEvents = YES;
				INFOPLIST_KEY_UILaunchStoryboardName = LaunchScreen;
				INFOPLIST_KEY_UIMainStoryboardFile = Main;
				INFOPLIST_KEY_UISupportedInterfaceOrientations_iPad = "UIInterfaceOrientationPortrait UIInterfaceOrientationPortraitUpsideDown UIInterfaceOrientationLandscapeLeft UIInterfaceOrientationLandscapeRight";
				INFOPLIST_KEY_UISupportedInterfaceOrientations_iPhone = "UIInterfaceOrientationPortrait UIInterfaceOrientationLandscapeLeft UIInterfaceOrientationLandscapeRight";
				LD_RUNPATH_SEARCH_PATHS = (
					"$(inherited)",
					"@executable_path/Frameworks",
				);
				MARKETING_VERSION = 1.0;
				PRODUCT_BUNDLE_IDENTIFIER = com.JaneStr.Movies;
				PRODUCT_NAME = "$(TARGET_NAME)";
				SWIFT_EMIT_LOC_STRINGS = YES;
				SWIFT_VERSION = 5.0;
				TARGETED_DEVICE_FAMILY = "1,2";
			};
			name = Debug;
		};
		047162862BA9E020008D883E /* Release */ = {
			isa = XCBuildConfiguration;
			buildSettings = {
				ASSETCATALOG_COMPILER_APPICON_NAME = AppIcon;
				ASSETCATALOG_COMPILER_GLOBAL_ACCENT_COLOR_NAME = AccentColor;
				CODE_SIGN_STYLE = Automatic;
				CURRENT_PROJECT_VERSION = 1;
				GENERATE_INFOPLIST_FILE = YES;
				INFOPLIST_FILE = Movies/Info.plist;
				INFOPLIST_KEY_UIApplicationSupportsIndirectInputEvents = YES;
				INFOPLIST_KEY_UILaunchStoryboardName = LaunchScreen;
				INFOPLIST_KEY_UIMainStoryboardFile = Main;
				INFOPLIST_KEY_UISupportedInterfaceOrientations_iPad = "UIInterfaceOrientationPortrait UIInterfaceOrientationPortraitUpsideDown UIInterfaceOrientationLandscapeLeft UIInterfaceOrientationLandscapeRight";
				INFOPLIST_KEY_UISupportedInterfaceOrientations_iPhone = "UIInterfaceOrientationPortrait UIInterfaceOrientationLandscapeLeft UIInterfaceOrientationLandscapeRight";
				LD_RUNPATH_SEARCH_PATHS = (
					"$(inherited)",
					"@executable_path/Frameworks",
				);
				MARKETING_VERSION = 1.0;
				PRODUCT_BUNDLE_IDENTIFIER = com.JaneStr.Movies;
				PRODUCT_NAME = "$(TARGET_NAME)";
				SWIFT_EMIT_LOC_STRINGS = YES;
				SWIFT_VERSION = 5.0;
				TARGETED_DEVICE_FAMILY = "1,2";
			};
			name = Release;
		};
/* End XCBuildConfiguration section */

/* Begin XCConfigurationList section */
		047162682BA9E01E008D883E /* Build configuration list for PBXProject "Movies" */ = {
			isa = XCConfigurationList;
			buildConfigurations = (
				047162822BA9E020008D883E /* Debug */,
				047162832BA9E020008D883E /* Release */,
			);
			defaultConfigurationIsVisible = 0;
			defaultConfigurationName = Release;
		};
		047162842BA9E020008D883E /* Build configuration list for PBXNativeTarget "Movies" */ = {
			isa = XCConfigurationList;
			buildConfigurations = (
				047162852BA9E020008D883E /* Debug */,
				047162862BA9E020008D883E /* Release */,
			);
			defaultConfigurationIsVisible = 0;
			defaultConfigurationName = Release;
		};
/* End XCConfigurationList section */

/* Begin XCRemoteSwiftPackageReference section */
		04166C7A2BBF0BF80001F5B0 /* XCRemoteSwiftPackageReference "youtube-ios-player-helper" */ = {
			isa = XCRemoteSwiftPackageReference;
			repositoryURL = "https://github.com/youtube/youtube-ios-player-helper";
			requirement = {
				kind = upToNextMajorVersion;
				minimumVersion = 1.0.0;
			};
		};
		047162872BA9E05A008D883E /* XCRemoteSwiftPackageReference "SnapKit" */ = {
			isa = XCRemoteSwiftPackageReference;
			repositoryURL = "https://github.com/SnapKit/SnapKit.git";
			requirement = {
				kind = upToNextMajorVersion;
				minimumVersion = 5.0.0;
			};
		};
/* End XCRemoteSwiftPackageReference section */

/* Begin XCSwiftPackageProductDependency section */
		04166C7B2BBF0BF80001F5B0 /* YouTubeiOSPlayerHelper */ = {
			isa = XCSwiftPackageProductDependency;
			package = 04166C7A2BBF0BF80001F5B0 /* XCRemoteSwiftPackageReference "youtube-ios-player-helper" */;
			productName = YouTubeiOSPlayerHelper;
		};
		047162882BA9E05A008D883E /* SnapKit */ = {
			isa = XCSwiftPackageProductDependency;
			package = 047162872BA9E05A008D883E /* XCRemoteSwiftPackageReference "SnapKit" */;
			productName = SnapKit;
		};
/* End XCSwiftPackageProductDependency section */

/* Begin XCVersionGroup section */
		047162792BA9E01E008D883E /* Movies.xcdatamodeld */ = {
			isa = XCVersionGroup;
			children = (
				0471627A2BA9E01E008D883E /* Movies.xcdatamodel */,
			);
			currentVersion = 0471627A2BA9E01E008D883E /* Movies.xcdatamodel */;
			path = Movies.xcdatamodeld;
			sourceTree = "<group>";
			versionGroupType = wrapper.xcdatamodel;
		};
/* End XCVersionGroup section */
	};
	rootObject = 047162652BA9E01E008D883E /* Project object */;
}
